
Microsoft Visual Studio Solution File, Format Version 12.00
# Visual Studio Version 17
VisualStudioVersion = 17.1.32210.238
MinimumVisualStudioVersion = 10.0.40219.1
Project("{9A19103F-16F7-4668-BE54-9A1E7A4F7556}") = "DQB2ChunkEditor", "DQB2ChunkEditor\DQB2ChunkEditor.csproj", "{80A6C5BE-7587-40A2-9E65-62134F7C4594}"
EndProject
Project("{2150E333-8FDC-42A3-9474-1A3956D46DE8}") = "Solution Items", "Solution Items", "{AD6844EB-C64E-4765-AB0E-A98492E1B09F}"
	ProjectSection(SolutionItems) = preProject
		.editorconfig = .editorconfig
		.gitignore = .gitignore
		LICENSE = LICENSE
		README.md = README.md
	EndProjectSection
EndProject
Global
	GlobalSection(SolutionConfigurationPlatforms) = preSolution
		Debug|Any CPU = Debug|Any CPU
		Release|Any CPU = Release|Any CPU
	EndGlobalSection
	GlobalSection(ProjectConfigurationPlatforms) = postSolution
		{80A6C5BE-7587-40A2-9E65-62134F7C4594}.Debug|Any CPU.ActiveCfg = Debug|Any CPU
		{80A6C5BE-7587-40A2-9E65-62134F7C4594}.Debug|Any CPU.Build.0 = Debug|Any CPU
		{80A6C5BE-7587-40A2-9E65-62134F7C4594}.Release|Any CPU.ActiveCfg = Release|Any CPU
		{80A6C5BE-7587-40A2-9E65-62134F7C4594}.Release|Any CPU.Build.0 = Release|Any CPU
	EndGlobalSection
	GlobalSection(SolutionProperties) = preSolution
		HideSolutionNode = FALSE
	EndGlobalSection
	GlobalSection(ExtensibilityGlobals) = postSolution
		SolutionGuid = {8726607E-9E77-461F-85A5-95ECB354AA8C}
	EndGlobalSection
EndGlobal
